
Microsoft Visual Studio Solution File, Format Version 12.00
# Visual Studio Version 16
VisualStudioVersion = 16.0.29102.190
MinimumVisualStudioVersion = 10.0.40219.1
Project("{D954291E-2A0B-460D-934E-DC6B0785DB48}") = "Common", "Common\Common.shproj", "{ACFE8AB0-F047-44B1-8B43-D918F5ECAD77}"
EndProject
Project("{FAE04EC0-301F-11D3-BF4B-00C04F79EFBC}") = "WarningsDisabler", "WarningsDisabler\WarningsDisabler.csproj", "{93C2CDD8-5D48-451F-A5C1-35A0B48DDBE6}"
EndProject
Project("{2150E333-8FDC-42A3-9474-1A3956D46DE8}") = "Shared", "Shared", "{EE6D7B7D-F20A-439A-8C01-97B6A16F9B52}"
EndProject
Project("{D954291E-2A0B-460D-934E-DC6B0785DB48}") = "Common.Config", "Common\Common.Config\Common.Config.shproj", "{B39DE674-737E-4F48-A1F7-A26B7E3D501F}"
EndProject
Project("{D954291E-2A0B-460D-934E-DC6B0785DB48}") = "Common.ModOptions", "Common\Common.ModOptions\Common.ModOptions.shproj", "{0610F2C1-4B75-45F9-B517-9D747E3EDD41}"
EndProject
Global
	GlobalSection(SharedMSBuildProjectFiles) = preSolution
		Common\Common.ModOptions\Common.ModOptions.projitems*{0610f2c1-4b75-45f9-b517-9d747e3edd41}*SharedItemsImports = 13
		Common\Common.Config\Common.Config.projitems*{93c2cdd8-5d48-451f-a5c1-35a0b48ddbe6}*SharedItemsImports = 4
		Common\Common.ModOptions\Common.ModOptions.projitems*{93c2cdd8-5d48-451f-a5c1-35a0b48ddbe6}*SharedItemsImports = 4
		Common\Common.projitems*{93c2cdd8-5d48-451f-a5c1-35a0b48ddbe6}*SharedItemsImports = 4
		Common\Common.projitems*{acfe8ab0-f047-44b1-8b43-d918f5ecad77}*SharedItemsImports = 13
		Common\Common.Config\Common.Config.projitems*{b39de674-737e-4f48-a1f7-a26b7e3d501f}*SharedItemsImports = 13
	EndGlobalSection
	GlobalSection(SolutionConfigurationPlatforms) = preSolution
		Debug|Any CPU = Debug|Any CPU
		Release|Any CPU = Release|Any CPU
	EndGlobalSection
	GlobalSection(ProjectConfigurationPlatforms) = postSolution
		{93C2CDD8-5D48-451F-A5C1-35A0B48DDBE6}.Debug|Any CPU.ActiveCfg = Debug|Any CPU
		{93C2CDD8-5D48-451F-A5C1-35A0B48DDBE6}.Debug|Any CPU.Build.0 = Debug|Any CPU
		{93C2CDD8-5D48-451F-A5C1-35A0B48DDBE6}.Release|Any CPU.ActiveCfg = Release|Any CPU
		{93C2CDD8-5D48-451F-A5C1-35A0B48DDBE6}.Release|Any CPU.Build.0 = Release|Any CPU
	EndGlobalSection
	GlobalSection(SolutionProperties) = preSolution
		HideSolutionNode = FALSE
	EndGlobalSection
	GlobalSection(NestedProjects) = preSolution
		{ACFE8AB0-F047-44B1-8B43-D918F5ECAD77} = {EE6D7B7D-F20A-439A-8C01-97B6A16F9B52}
		{B39DE674-737E-4F48-A1F7-A26B7E3D501F} = {EE6D7B7D-F20A-439A-8C01-97B6A16F9B52}
		{0610F2C1-4B75-45F9-B517-9D747E3EDD41} = {EE6D7B7D-F20A-439A-8C01-97B6A16F9B52}
	EndGlobalSection
	GlobalSection(ExtensibilityGlobals) = postSolution
		SolutionGuid = {0A745472-1C11-4AB7-B6C4-79A169E0FB35}
	EndGlobalSection
EndGlobal
