
Microsoft Visual Studio Solution File, Format Version 12.00
# Visual Studio Version 16
VisualStudioVersion = 16.0.29102.190
MinimumVisualStudioVersion = 10.0.40219.1
Project("{D954291E-2A0B-460D-934E-DC6B0785DB48}") = "Common", "Common\Common.shproj", "{ACFE8AB0-F047-44B1-8B43-D918F5ECAD77}"
EndProject
Project("{FAE04EC0-301F-11D3-BF4B-00C04F79EFBC}") = "WarningsDisabler", "WarningsDisabler\WarningsDisabler.csproj", "{93C2CDD8-5D48-451F-A5C1-35A0B48DDBE6}"
EndProject
Project("{2150E333-8FDC-42A3-9474-1A3956D46DE8}") = "common", "common", "{EE6D7B7D-F20A-439A-8C01-97B6A16F9B52}"
	ProjectSection(SolutionItems) = preProject
		.editorconfig = .editorconfig
	EndProjectSection
EndProject
Project("{D954291E-2A0B-460D-934E-DC6B0785DB48}") = "Common.Config", "Common\Common.Config\Common.Config.shproj", "{B39DE674-737E-4F48-A1F7-A26B7E3D501F}"
EndProject
Project("{2150E333-8FDC-42A3-9474-1A3956D46DE8}") = "published", "published", "{C49BC122-0A68-48A8-8EA3-737FB7553D8B}"
EndProject
Project("{2150E333-8FDC-42A3-9474-1A3956D46DE8}") = "mac-event", "mac-event", "{020D3CAF-E41C-4B4A-B4DF-0A7BC1A9A5CF}"
EndProject
Project("{FAE04EC0-301F-11D3-BF4B-00C04F79EFBC}") = "ModsOptionsAdjusted", "ModsOptionsAdjusted\ModsOptionsAdjusted.csproj", "{E808117C-7ABE-4140-A1D3-FEA6B1E2F7F0}"
EndProject
Project("{FAE04EC0-301F-11D3-BF4B-00C04F79EFBC}") = "GravTrapImproved", "GravTrapImproved\GravTrapImproved.csproj", "{4EF61A6D-0C6E-48A9-8625-58D196FD5386}"
EndProject
Project("{D954291E-2A0B-460D-934E-DC6B0785DB48}") = "Common.GameSerialization", "Common\Common.GameSerialization\Common.GameSerialization.shproj", "{37C6E8C9-4864-415A-9561-161035212EBA}"
EndProject
Project("{D954291E-2A0B-460D-934E-DC6B0785DB48}") = "Common.Config.Options", "Common\Common.Config.Options\Common.Config.Options.shproj", "{0610F2C1-4B75-45F9-B517-9D747E3EDD41}"
EndProject
Project("{FAE04EC0-301F-11D3-BF4B-00C04F79EFBC}") = "ConsoleImproved", "ConsoleImproved\ConsoleImproved.csproj", "{3BD3AB93-7001-4322-A0D8-B9DE42ED38AA}"
EndProject
Project("{D954291E-2A0B-460D-934E-DC6B0785DB48}") = "Common.UI", "Common\Common.UI\Common.UI.shproj", "{44795620-2850-4B72-B859-74C5D50E6708}"
EndProject
Project("{FAE04EC0-301F-11D3-BF4B-00C04F79EFBC}") = "Common.Tests", "Common.Tests\Common.Tests.csproj", "{A581DBE2-97A4-4995-8F23-223D9245C338}"
EndProject
Project("{FAE04EC0-301F-11D3-BF4B-00C04F79EFBC}") = "RenameBeacons", "RenameBeacons\RenameBeacons.csproj", "{D90FC3B6-6EAA-492D-927F-C7068DA63BD9}"
EndProject
Project("{FAE04EC0-301F-11D3-BF4B-00C04F79EFBC}") = "PrawnSuitGrapplingArmUpgrade", "PrawnSuitGrapplingArmUpgrade\PrawnSuitGrapplingArmUpgrade.csproj", "{2518EDF1-782E-4FAA-B93D-4F9991962144}"
EndProject
Project("{FAE04EC0-301F-11D3-BF4B-00C04F79EFBC}") = "CustomHotkeys", "CustomHotkeys\CustomHotkeys.csproj", "{CB025D20-0B16-4E80-95E6-3C3FC77935FB}"
EndProject
Project("{D954291E-2A0B-460D-934E-DC6B0785DB48}") = "Common.CraftHelper", "Common\Common.CraftHelper\Common.CraftHelper.shproj", "{E30903DF-6F81-41BC-ADA2-9F50188AAFF5}"
EndProject
Project("{FAE04EC0-301F-11D3-BF4B-00C04F79EFBC}") = "PrawnSuitSettings", "PrawnSuitSettings\PrawnSuitSettings.csproj", "{8ECFBD17-D9C6-4FA2-92E2-FB76F71AA316}"
EndProject
Project("{FAE04EC0-301F-11D3-BF4B-00C04F79EFBC}") = "PrawnSuitJetUpgrade", "PrawnSuitJetUpgrade\PrawnSuitJetUpgrade.csproj", "{83C36088-5678-4A99-91D6-D5751E789482}"
EndProject
Project("{D954291E-2A0B-460D-934E-DC6B0785DB48}") = "Common.AssetsHelper", "Common\Common.AssetsHelper\Common.AssetsHelper.shproj", "{7575770C-9962-4BD2-BBBE-E440B9437C03}"
EndProject
Global
	GlobalSection(SharedMSBuildProjectFiles) = preSolution
		Common\Common.Config.Options\Common.Config.Options.projitems*{0610f2c1-4b75-45f9-b517-9d747e3edd41}*SharedItemsImports = 13
		Common\Common.Config.Options\Common.Config.Options.projitems*{2518edf1-782e-4faa-b93d-4f9991962144}*SharedItemsImports = 4
		Common\Common.Config\Common.Config.projitems*{2518edf1-782e-4faa-b93d-4f9991962144}*SharedItemsImports = 4
		Common\Common.CraftHelper\Common.CraftHelper.projitems*{2518edf1-782e-4faa-b93d-4f9991962144}*SharedItemsImports = 4
		Common\Common.projitems*{2518edf1-782e-4faa-b93d-4f9991962144}*SharedItemsImports = 4
		Common\Common.GameSerialization\Common.GameSerialization.projitems*{37c6e8c9-4864-415a-9561-161035212eba}*SharedItemsImports = 13
		Common\Common.Config\Common.Config.projitems*{3bd3ab93-7001-4322-a0d8-b9de42ed38aa}*SharedItemsImports = 4
		Common\Common.projitems*{3bd3ab93-7001-4322-a0d8-b9de42ed38aa}*SharedItemsImports = 4
		Common\Common.UI\Common.UI.projitems*{44795620-2850-4b72-b859-74c5d50e6708}*SharedItemsImports = 13
		Common\Common.Config\Common.Config.projitems*{4ef61a6d-0c6e-48a9-8625-58d196fd5386}*SharedItemsImports = 4
		Common\Common.GameSerialization\Common.GameSerialization.projitems*{4ef61a6d-0c6e-48a9-8625-58d196fd5386}*SharedItemsImports = 4
		Common\Common.projitems*{4ef61a6d-0c6e-48a9-8625-58d196fd5386}*SharedItemsImports = 4
		Common\Common.AssetsHelper\Common.AssetsHelper.projitems*{7575770c-9962-4bd2-bbbe-e440b9437c03}*SharedItemsImports = 13
		Common\Common.AssetsHelper\Common.AssetsHelper.projitems*{83c36088-5678-4a99-91d6-d5751e789482}*SharedItemsImports = 4
		Common\Common.Config\Common.Config.projitems*{83c36088-5678-4a99-91d6-d5751e789482}*SharedItemsImports = 4
		Common\Common.CraftHelper\Common.CraftHelper.projitems*{83c36088-5678-4a99-91d6-d5751e789482}*SharedItemsImports = 4
		Common\Common.projitems*{83c36088-5678-4a99-91d6-d5751e789482}*SharedItemsImports = 4
		Common\Common.Config.Options\Common.Config.Options.projitems*{8ecfbd17-d9c6-4fa2-92e2-fb76f71aa316}*SharedItemsImports = 4
		Common\Common.Config\Common.Config.projitems*{8ecfbd17-d9c6-4fa2-92e2-fb76f71aa316}*SharedItemsImports = 4
		Common\Common.projitems*{8ecfbd17-d9c6-4fa2-92e2-fb76f71aa316}*SharedItemsImports = 4
		Common\Common.Config.Options\Common.Config.Options.projitems*{93c2cdd8-5d48-451f-a5c1-35a0b48ddbe6}*SharedItemsImports = 4
		Common\Common.Config\Common.Config.projitems*{93c2cdd8-5d48-451f-a5c1-35a0b48ddbe6}*SharedItemsImports = 4
		Common\Common.projitems*{93c2cdd8-5d48-451f-a5c1-35a0b48ddbe6}*SharedItemsImports = 4
		Common\Common.Config\Common.Config.projitems*{a581dbe2-97a4-4995-8f23-223d9245c338}*SharedItemsImports = 4
		Common\Common.projitems*{a581dbe2-97a4-4995-8f23-223d9245c338}*SharedItemsImports = 4
		Common\Common.projitems*{acfe8ab0-f047-44b1-8b43-d918f5ecad77}*SharedItemsImports = 13
		Common\Common.Config\Common.Config.projitems*{b39de674-737e-4f48-a1f7-a26b7e3d501f}*SharedItemsImports = 13
		Common\Common.Config\Common.Config.projitems*{cb025d20-0b16-4e80-95e6-3c3fc77935fb}*SharedItemsImports = 4
		Common\Common.projitems*{cb025d20-0b16-4e80-95e6-3c3fc77935fb}*SharedItemsImports = 4
		Common\Common.projitems*{d90fc3b6-6eaa-492d-927f-c7068da63bd9}*SharedItemsImports = 4
		Common\Common.CraftHelper\Common.CraftHelper.projitems*{e30903df-6f81-41bc-ada2-9f50188aaff5}*SharedItemsImports = 13
	EndGlobalSection
	GlobalSection(SolutionConfigurationPlatforms) = preSolution
		Debug|Any CPU = Debug|Any CPU
		Publish|Any CPU = Publish|Any CPU
		Release|Any CPU = Release|Any CPU
	EndGlobalSection
	GlobalSection(ProjectConfigurationPlatforms) = postSolution
		{93C2CDD8-5D48-451F-A5C1-35A0B48DDBE6}.Debug|Any CPU.ActiveCfg = Debug|Any CPU
		{93C2CDD8-5D48-451F-A5C1-35A0B48DDBE6}.Publish|Any CPU.ActiveCfg = Publish|Any CPU
		{93C2CDD8-5D48-451F-A5C1-35A0B48DDBE6}.Release|Any CPU.ActiveCfg = Release|Any CPU
		{E808117C-7ABE-4140-A1D3-FEA6B1E2F7F0}.Debug|Any CPU.ActiveCfg = Debug|Any CPU
		{E808117C-7ABE-4140-A1D3-FEA6B1E2F7F0}.Publish|Any CPU.ActiveCfg = Publish|Any CPU
		{E808117C-7ABE-4140-A1D3-FEA6B1E2F7F0}.Release|Any CPU.ActiveCfg = Release|Any CPU
		{4EF61A6D-0C6E-48A9-8625-58D196FD5386}.Debug|Any CPU.ActiveCfg = Debug|Any CPU
		{4EF61A6D-0C6E-48A9-8625-58D196FD5386}.Publish|Any CPU.ActiveCfg = Publish|Any CPU
		{4EF61A6D-0C6E-48A9-8625-58D196FD5386}.Release|Any CPU.ActiveCfg = Release|Any CPU
		{3BD3AB93-7001-4322-A0D8-B9DE42ED38AA}.Debug|Any CPU.ActiveCfg = Debug|Any CPU
		{3BD3AB93-7001-4322-A0D8-B9DE42ED38AA}.Debug|Any CPU.Build.0 = Debug|Any CPU
		{3BD3AB93-7001-4322-A0D8-B9DE42ED38AA}.Publish|Any CPU.ActiveCfg = Publish|Any CPU
		{3BD3AB93-7001-4322-A0D8-B9DE42ED38AA}.Publish|Any CPU.Build.0 = Publish|Any CPU
		{3BD3AB93-7001-4322-A0D8-B9DE42ED38AA}.Release|Any CPU.ActiveCfg = Release|Any CPU
		{3BD3AB93-7001-4322-A0D8-B9DE42ED38AA}.Release|Any CPU.Build.0 = Release|Any CPU
		{A581DBE2-97A4-4995-8F23-223D9245C338}.Debug|Any CPU.ActiveCfg = Debug|Any CPU
		{A581DBE2-97A4-4995-8F23-223D9245C338}.Publish|Any CPU.ActiveCfg = Release|Any CPU
		{A581DBE2-97A4-4995-8F23-223D9245C338}.Publish|Any CPU.Build.0 = Release|Any CPU
		{A581DBE2-97A4-4995-8F23-223D9245C338}.Release|Any CPU.ActiveCfg = Release|Any CPU
		{D90FC3B6-6EAA-492D-927F-C7068DA63BD9}.Debug|Any CPU.ActiveCfg = Debug|Any CPU
		{D90FC3B6-6EAA-492D-927F-C7068DA63BD9}.Publish|Any CPU.ActiveCfg = Publish|Any CPU
		{D90FC3B6-6EAA-492D-927F-C7068DA63BD9}.Release|Any CPU.ActiveCfg = Release|Any CPU
		{2518EDF1-782E-4FAA-B93D-4F9991962144}.Debug|Any CPU.ActiveCfg = Debug|Any CPU
		{2518EDF1-782E-4FAA-B93D-4F9991962144}.Debug|Any CPU.Build.0 = Debug|Any CPU
		{2518EDF1-782E-4FAA-B93D-4F9991962144}.Publish|Any CPU.ActiveCfg = Publish|Any CPU
		{2518EDF1-782E-4FAA-B93D-4F9991962144}.Publish|Any CPU.Build.0 = Publish|Any CPU
		{2518EDF1-782E-4FAA-B93D-4F9991962144}.Release|Any CPU.ActiveCfg = Release|Any CPU
		{2518EDF1-782E-4FAA-B93D-4F9991962144}.Release|Any CPU.Build.0 = Release|Any CPU
		{CB025D20-0B16-4E80-95E6-3C3FC77935FB}.Debug|Any CPU.ActiveCfg = Debug|Any CPU
		{CB025D20-0B16-4E80-95E6-3C3FC77935FB}.Debug|Any CPU.Build.0 = Debug|Any CPU
		{CB025D20-0B16-4E80-95E6-3C3FC77935FB}.Publish|Any CPU.ActiveCfg = Publish|Any CPU
		{CB025D20-0B16-4E80-95E6-3C3FC77935FB}.Publish|Any CPU.Build.0 = Publish|Any CPU
		{CB025D20-0B16-4E80-95E6-3C3FC77935FB}.Release|Any CPU.ActiveCfg = Release|Any CPU
		{CB025D20-0B16-4E80-95E6-3C3FC77935FB}.Release|Any CPU.Build.0 = Release|Any CPU
		{8ECFBD17-D9C6-4FA2-92E2-FB76F71AA316}.Debug|Any CPU.ActiveCfg = Debug|Any CPU
		{8ECFBD17-D9C6-4FA2-92E2-FB76F71AA316}.Debug|Any CPU.Build.0 = Debug|Any CPU
		{8ECFBD17-D9C6-4FA2-92E2-FB76F71AA316}.Publish|Any CPU.ActiveCfg = Publish|Any CPU
		{8ECFBD17-D9C6-4FA2-92E2-FB76F71AA316}.Publish|Any CPU.Build.0 = Publish|Any CPU
		{8ECFBD17-D9C6-4FA2-92E2-FB76F71AA316}.Release|Any CPU.ActiveCfg = Release|Any CPU
		{8ECFBD17-D9C6-4FA2-92E2-FB76F71AA316}.Release|Any CPU.Build.0 = Release|Any CPU
		{83C36088-5678-4A99-91D6-D5751E789482}.Debug|Any CPU.ActiveCfg = Debug|Any CPU
		{83C36088-5678-4A99-91D6-D5751E789482}.Debug|Any CPU.Build.0 = Debug|Any CPU
		{83C36088-5678-4A99-91D6-D5751E789482}.Publish|Any CPU.ActiveCfg = Publish|Any CPU
		{83C36088-5678-4A99-91D6-D5751E789482}.Publish|Any CPU.Build.0 = Publish|Any CPU
		{83C36088-5678-4A99-91D6-D5751E789482}.Release|Any CPU.ActiveCfg = Release|Any CPU
		{83C36088-5678-4A99-91D6-D5751E789482}.Release|Any CPU.Build.0 = Release|Any CPU
	EndGlobalSection
	GlobalSection(SolutionProperties) = preSolution
		HideSolutionNode = FALSE
	EndGlobalSection
	GlobalSection(NestedProjects) = preSolution
		{ACFE8AB0-F047-44B1-8B43-D918F5ECAD77} = {EE6D7B7D-F20A-439A-8C01-97B6A16F9B52}
		{93C2CDD8-5D48-451F-A5C1-35A0B48DDBE6} = {020D3CAF-E41C-4B4A-B4DF-0A7BC1A9A5CF}
		{B39DE674-737E-4F48-A1F7-A26B7E3D501F} = {EE6D7B7D-F20A-439A-8C01-97B6A16F9B52}
		{020D3CAF-E41C-4B4A-B4DF-0A7BC1A9A5CF} = {C49BC122-0A68-48A8-8EA3-737FB7553D8B}
		{E808117C-7ABE-4140-A1D3-FEA6B1E2F7F0} = {C49BC122-0A68-48A8-8EA3-737FB7553D8B}
		{4EF61A6D-0C6E-48A9-8625-58D196FD5386} = {C49BC122-0A68-48A8-8EA3-737FB7553D8B}
		{37C6E8C9-4864-415A-9561-161035212EBA} = {EE6D7B7D-F20A-439A-8C01-97B6A16F9B52}
		{0610F2C1-4B75-45F9-B517-9D747E3EDD41} = {EE6D7B7D-F20A-439A-8C01-97B6A16F9B52}
		{3BD3AB93-7001-4322-A0D8-B9DE42ED38AA} = {C49BC122-0A68-48A8-8EA3-737FB7553D8B}
		{44795620-2850-4B72-B859-74C5D50E6708} = {EE6D7B7D-F20A-439A-8C01-97B6A16F9B52}
		{A581DBE2-97A4-4995-8F23-223D9245C338} = {EE6D7B7D-F20A-439A-8C01-97B6A16F9B52}
		{D90FC3B6-6EAA-492D-927F-C7068DA63BD9} = {C49BC122-0A68-48A8-8EA3-737FB7553D8B}
		{E30903DF-6F81-41BC-ADA2-9F50188AAFF5} = {EE6D7B7D-F20A-439A-8C01-97B6A16F9B52}
		{7575770C-9962-4BD2-BBBE-E440B9437C03} = {EE6D7B7D-F20A-439A-8C01-97B6A16F9B52}
	EndGlobalSection
	GlobalSection(ExtensibilityGlobals) = postSolution
		SolutionGuid = {0A745472-1C11-4AB7-B6C4-79A169E0FB35}
	EndGlobalSection
EndGlobal
